<?xml version="1.0" encoding="utf-8"?>
<Project ToolsVersion="4.0" xmlns="http://schemas.microsoft.com/developer/msbuild/2003">
  <ItemGroup>
    <Filter Include="Platform">
      <UniqueIdentifier>{2AC788B4-1694-E3BF-3FAD-D1672BD9184E}</UniqueIdentifier>
    </Filter>
    <Filter Include="Platform\OpenGL">
      <UniqueIdentifier>{1E7D2C1D-8A08-9AE1-9319-1DD6FF23F6E1}</UniqueIdentifier>
    </Filter>
    <Filter Include="Platform\Windows">
      <UniqueIdentifier>{64FBD71A-50F4-F66C-7926-DCF1657ED678}</UniqueIdentifier>
    </Filter>
    <Filter Include="Skye">
      <UniqueIdentifier>{216A8C7C-0DA1-8D0D-B68D-7310A2A3090F}</UniqueIdentifier>
    </Filter>
    <Filter Include="Skye\Events">
      <UniqueIdentifier>{E54623E9-51FC-9BDE-DAF0-95B546A592E2}</UniqueIdentifier>
    </Filter>
    <Filter Include="Skye\ImGui">
      <UniqueIdentifier>{0B34FEB1-F7EB-3FFF-60F3-185B4CCADAEF}</UniqueIdentifier>
    </Filter>
  </ItemGroup>
  <ItemGroup>
    <ClInclude Include="src\Platform\OpenGL\ImGuiOpenGLRenderer.h">
      <Filter>Platform\OpenGL</Filter>
    </ClInclude>
    <ClInclude Include="src\Platform\Windows\WindowsInput.h">
      <Filter>Platform\Windows</Filter>
    </ClInclude>
    <ClInclude Include="src\Platform\Windows\WindowsWindow.hpp">
      <Filter>Platform\Windows</Filter>
    </ClInclude>
    <ClInclude Include="src\Skye.hpp" />
    <ClInclude Include="src\Skye\Application.hpp">
      <Filter>Skye</Filter>
    </ClInclude>
    <ClInclude Include="src\Skye\Core.hpp">
      <Filter>Skye</Filter>
    </ClInclude>
    <ClInclude Include="src\Skye\EntryPoint.hpp">
      <Filter>Skye</Filter>
    </ClInclude>
    <ClInclude Include="src\Skye\Events\ApplicationEvent.hpp">
      <Filter>Skye\Events</Filter>
    </ClInclude>
    <ClInclude Include="src\Skye\Events\Event.hpp">
      <Filter>Skye\Events</Filter>
    </ClInclude>
    <ClInclude Include="src\Skye\Events\KeyEvent.hpp">
      <Filter>Skye\Events</Filter>
    </ClInclude>
    <ClInclude Include="src\Skye\Events\MouseEvent.hpp">
      <Filter>Skye\Events</Filter>
    </ClInclude>
    <ClInclude Include="src\Skye\ImGui\ImGuiLayer.hpp">
      <Filter>Skye\ImGui</Filter>
    </ClInclude>
    <ClInclude Include="src\Skye\Input.hpp">
      <Filter>Skye</Filter>
    </ClInclude>
    <ClInclude Include="src\Skye\Layer.hpp">
      <Filter>Skye</Filter>
    </ClInclude>
    <ClInclude Include="src\Skye\LayerStack.hpp">
      <Filter>Skye</Filter>
    </ClInclude>
    <ClInclude Include="src\Skye\Log.hpp">
      <Filter>Skye</Filter>
    </ClInclude>
    <ClInclude Include="src\Skye\Window.hpp">
      <Filter>Skye</Filter>
    </ClInclude>
    <ClInclude Include="src\skpch.hpp" />
  </ItemGroup>
  <ItemGroup>
    <ClCompile Include="src\Platform\OpenGL\ImGuiOpenGLRenderer.cpp">
      <Filter>Platform\OpenGL</Filter>
    </ClCompile>
    <ClCompile Include="src\Platform\Windows\WindowsInput.cpp">
      <Filter>Platform\Windows</Filter>
    </ClCompile>
    <ClCompile Include="src\Platform\Windows\WindowsWindow.cpp">
      <Filter>Platform\Windows</Filter>
    </ClCompile>
    <ClCompile Include="src\Skye\Application.cpp">
      <Filter>Skye</Filter>
    </ClCompile>
    <ClCompile Include="src\Skye\ImGui\ImGuiLayer.cpp">
      <Filter>Skye\ImGui</Filter>
    </ClCompile>
    <ClCompile Include="src\Skye\Layer.cpp">
      <Filter>Skye</Filter>
    </ClCompile>
    <ClCompile Include="src\Skye\LayerStack.cpp">
      <Filter>Skye</Filter>
    </ClCompile>
    <ClCompile Include="src\Skye\Log.cpp">
      <Filter>Skye</Filter>
    </ClCompile>
    <ClCompile Include="src\skpch.cpp" />
  </ItemGroup>
</Project>